{
	"name": "louie-jones-strong.github.io",
	"lockfileVersion": 3,
	"requires": true,
	"packages": {
		"": {
			"dependencies": {
				"@louie-jones-strong/portfolio-builder": "file:../portfolio-builder"
			}
		},
		"../portfolio-builder": {
			"version": "1.0.6",
			"license": "MIT",
			"dependencies": {
				"@jti/vale": "^1.2.1",
				"ejs": "^3.1.10",
				"puppeteer-core": "^24.37.5",
				"sass": "^1.55.0",
				"sharp": "^0.31.0",
				"textlint": "^15.7.1",
				"textlint-rule-common-misspellings": "^1.0.1",
				"textlint-rule-no-dead-link": "^6.2.3",
				"textlint-rule-terminology": "^5.2.16"
			},
			"bin": {
				"portfolio-builder": "main.ts"
			},
			"devDependencies": {
				"@types/bun": "latest",
				"@types/ejs": "^3.1.5",
				"typescript": "^5.9.2"
			},
			"engines": {
				"bun": ">=1.0.0",
				"node": ">=18.0.0"
			}
		},
		"node_modules/@louie-jones-strong/portfolio-builder": {
			"resolved": "../portfolio-builder",
			"link": true
		}
	}
}
